
Microsoft Visual Studio Solution File, Format Version 12.00
# Visual Studio Version 17
VisualStudioVersion = 17.1.32210.238
MinimumVisualStudioVersion = 10.0.40219.1
Project("{9A19103F-16F7-4668-BE54-9A1E7A4F7556}") = "CloudDrive.WebAPI", "CloudDrive.WebAPI\CloudDrive.WebAPI.csproj", "{9CB2C11D-79F6-49D3-9CB4-93B536514C21}"
EndProject
Project("{2150E333-8FDC-42A3-9474-1A3956D46DE8}") = "Application", "Application", "{26BFFE0C-3173-435E-A521-661B5E1E65C9}"
EndProject
Project("{2150E333-8FDC-42A3-9474-1A3956D46DE8}") = "Data", "Data", "{B3CC7786-15BD-46A1-AF58-7902088C6862}"
EndProject
Project("{2150E333-8FDC-42A3-9474-1A3956D46DE8}") = "Presentation", "Presentation", "{9A76DF35-1027-489E-8894-825D3FBFB7F4}"
EndProject
Project("{2150E333-8FDC-42A3-9474-1A3956D46DE8}") = "Domain", "Domain", "{71FDFD79-1A28-4E15-8A27-019B96894910}"
EndProject
Project("{2150E333-8FDC-42A3-9474-1A3956D46DE8}") = "DI", "DI", "{0E8A380B-E3A5-44E7-A884-26FC4BDDCAB4}"
EndProject
Project("{9A19103F-16F7-4668-BE54-9A1E7A4F7556}") = "CloudDrive.EntityFramework", "CloudDrive.EntityFramework\CloudDrive.EntityFramework.csproj", "{F890FCAC-A348-454D-A3FB-5206D2C705BC}"
EndProject
Project("{9A19103F-16F7-4668-BE54-9A1E7A4F7556}") = "CloudDrive.Domain", "CloudDrive.Domain\CloudDrive.Domain.csproj", "{01A22FAA-F853-4F6A-BED8-EE7DB3E2D90A}"
EndProject
Project("{9A19103F-16F7-4668-BE54-9A1E7A4F7556}") = "CloudDrive.DependencyResolver", "CloudDrive.DependencyInjection\CloudDrive.DependencyResolver.csproj", "{E2AE3A48-A417-4A1B-9B21-A15ED8929687}"
EndProject
Project("{9A19103F-16F7-4668-BE54-9A1E7A4F7556}") = "CloudDrive.Data.Repositories", "CloudDrive.Data.Repositories\CloudDrive.Data.Repositories.csproj", "{1D900D6C-D44D-433A-B86A-0736935B87D4}"
EndProject
Project("{9A19103F-16F7-4668-BE54-9A1E7A4F7556}") = "CloudDrive.Data.Abstraction", "CloudDrive.Data.Abstraction\CloudDrive.Data.Abstraction.csproj", "{7DA4E88E-8132-487A-A270-54BDE4A5C8B9}"
EndProject
Project("{9A19103F-16F7-4668-BE54-9A1E7A4F7556}") = "CloudDrive.Application.Abstraction", "CloudDrive.Application.Abstraction\CloudDrive.Application.Abstraction.csproj", "{7DDC6C76-2605-41D7-82BD-A4C101388693}"
EndProject
Project("{9A19103F-16F7-4668-BE54-9A1E7A4F7556}") = "CloudDrive.Application.Services", "CloudDrive.Application.Services\CloudDrive.Application.Services.csproj", "{7F562B80-9452-42F8-AD22-DD589BD9E868}"
EndProject
Project("{54A90642-561A-4BB1-A94E-469ADEE60C69}") = "CloudDrive.Vue", "CloudDrive.Vue\CloudDrive.Vue.esproj", "{546BB76B-9B2D-4D27-BC58-5103E4FED781}"
EndProject
Project("{FAE04EC0-301F-11D3-BF4B-00C04F79EFBC}") = "CloudDrive.Dictionaries", "CloudDrive.Dictionaries\CloudDrive.Dictionaries.csproj", "{5DA61A8C-16BC-4608-B00D-6B064D351342}"
EndProject
Project("{9A19103F-16F7-4668-BE54-9A1E7A4F7556}") = "FileWatcherWinForms", "FileWatcherWinForms\FileWatcherWinForms.csproj", "{AA8DA43A-E518-48A5-AD23-858D53500E4C}"
EndProject
Global
	GlobalSection(SolutionConfigurationPlatforms) = preSolution
		Debug|Any CPU = Debug|Any CPU
		Release|Any CPU = Release|Any CPU
	EndGlobalSection
	GlobalSection(ProjectConfigurationPlatforms) = postSolution
		{9CB2C11D-79F6-49D3-9CB4-93B536514C21}.Debug|Any CPU.ActiveCfg = Debug|Any CPU
		{9CB2C11D-79F6-49D3-9CB4-93B536514C21}.Debug|Any CPU.Build.0 = Debug|Any CPU
		{9CB2C11D-79F6-49D3-9CB4-93B536514C21}.Release|Any CPU.ActiveCfg = Release|Any CPU
		{9CB2C11D-79F6-49D3-9CB4-93B536514C21}.Release|Any CPU.Build.0 = Release|Any CPU
		{F890FCAC-A348-454D-A3FB-5206D2C705BC}.Debug|Any CPU.ActiveCfg = Debug|Any CPU
		{F890FCAC-A348-454D-A3FB-5206D2C705BC}.Debug|Any CPU.Build.0 = Debug|Any CPU
		{F890FCAC-A348-454D-A3FB-5206D2C705BC}.Release|Any CPU.ActiveCfg = Release|Any CPU
		{F890FCAC-A348-454D-A3FB-5206D2C705BC}.Release|Any CPU.Build.0 = Release|Any CPU
		{01A22FAA-F853-4F6A-BED8-EE7DB3E2D90A}.Debug|Any CPU.ActiveCfg = Debug|Any CPU
		{01A22FAA-F853-4F6A-BED8-EE7DB3E2D90A}.Debug|Any CPU.Build.0 = Debug|Any CPU
		{01A22FAA-F853-4F6A-BED8-EE7DB3E2D90A}.Release|Any CPU.ActiveCfg = Release|Any CPU
		{01A22FAA-F853-4F6A-BED8-EE7DB3E2D90A}.Release|Any CPU.Build.0 = Release|Any CPU
		{E2AE3A48-A417-4A1B-9B21-A15ED8929687}.Debug|Any CPU.ActiveCfg = Debug|Any CPU
		{E2AE3A48-A417-4A1B-9B21-A15ED8929687}.Debug|Any CPU.Build.0 = Debug|Any CPU
		{E2AE3A48-A417-4A1B-9B21-A15ED8929687}.Release|Any CPU.ActiveCfg = Release|Any CPU
		{E2AE3A48-A417-4A1B-9B21-A15ED8929687}.Release|Any CPU.Build.0 = Release|Any CPU
		{1D900D6C-D44D-433A-B86A-0736935B87D4}.Debug|Any CPU.ActiveCfg = Debug|Any CPU
		{1D900D6C-D44D-433A-B86A-0736935B87D4}.Debug|Any CPU.Build.0 = Debug|Any CPU
		{1D900D6C-D44D-433A-B86A-0736935B87D4}.Release|Any CPU.ActiveCfg = Release|Any CPU
		{1D900D6C-D44D-433A-B86A-0736935B87D4}.Release|Any CPU.Build.0 = Release|Any CPU
		{7DA4E88E-8132-487A-A270-54BDE4A5C8B9}.Debug|Any CPU.ActiveCfg = Debug|Any CPU
		{7DA4E88E-8132-487A-A270-54BDE4A5C8B9}.Debug|Any CPU.Build.0 = Debug|Any CPU
		{7DA4E88E-8132-487A-A270-54BDE4A5C8B9}.Release|Any CPU.ActiveCfg = Release|Any CPU
		{7DA4E88E-8132-487A-A270-54BDE4A5C8B9}.Release|Any CPU.Build.0 = Release|Any CPU
		{7DDC6C76-2605-41D7-82BD-A4C101388693}.Debug|Any CPU.ActiveCfg = Debug|Any CPU
		{7DDC6C76-2605-41D7-82BD-A4C101388693}.Debug|Any CPU.Build.0 = Debug|Any CPU
		{7DDC6C76-2605-41D7-82BD-A4C101388693}.Release|Any CPU.ActiveCfg = Release|Any CPU
		{7DDC6C76-2605-41D7-82BD-A4C101388693}.Release|Any CPU.Build.0 = Release|Any CPU
		{7F562B80-9452-42F8-AD22-DD589BD9E868}.Debug|Any CPU.ActiveCfg = Debug|Any CPU
		{7F562B80-9452-42F8-AD22-DD589BD9E868}.Debug|Any CPU.Build.0 = Debug|Any CPU
		{7F562B80-9452-42F8-AD22-DD589BD9E868}.Release|Any CPU.ActiveCfg = Release|Any CPU
		{7F562B80-9452-42F8-AD22-DD589BD9E868}.Release|Any CPU.Build.0 = Release|Any CPU
		{546BB76B-9B2D-4D27-BC58-5103E4FED781}.Debug|Any CPU.ActiveCfg = Debug|Any CPU
		{546BB76B-9B2D-4D27-BC58-5103E4FED781}.Debug|Any CPU.Build.0 = Debug|Any CPU
		{546BB76B-9B2D-4D27-BC58-5103E4FED781}.Debug|Any CPU.Deploy.0 = Debug|Any CPU
		{546BB76B-9B2D-4D27-BC58-5103E4FED781}.Release|Any CPU.ActiveCfg = Release|Any CPU
		{546BB76B-9B2D-4D27-BC58-5103E4FED781}.Release|Any CPU.Build.0 = Release|Any CPU
		{546BB76B-9B2D-4D27-BC58-5103E4FED781}.Release|Any CPU.Deploy.0 = Release|Any CPU
		{5DA61A8C-16BC-4608-B00D-6B064D351342}.Debug|Any CPU.ActiveCfg = Debug|Any CPU
		{5DA61A8C-16BC-4608-B00D-6B064D351342}.Debug|Any CPU.Build.0 = Debug|Any CPU
		{5DA61A8C-16BC-4608-B00D-6B064D351342}.Release|Any CPU.ActiveCfg = Release|Any CPU
		{5DA61A8C-16BC-4608-B00D-6B064D351342}.Release|Any CPU.Build.0 = Release|Any CPU
		{AA8DA43A-E518-48A5-AD23-858D53500E4C}.Debug|Any CPU.ActiveCfg = Debug|Any CPU
		{AA8DA43A-E518-48A5-AD23-858D53500E4C}.Debug|Any CPU.Build.0 = Debug|Any CPU
		{AA8DA43A-E518-48A5-AD23-858D53500E4C}.Release|Any CPU.ActiveCfg = Release|Any CPU
		{AA8DA43A-E518-48A5-AD23-858D53500E4C}.Release|Any CPU.Build.0 = Release|Any CPU
	EndGlobalSection
	GlobalSection(SolutionProperties) = preSolution
		HideSolutionNode = FALSE
	EndGlobalSection
	GlobalSection(NestedProjects) = preSolution
		{9CB2C11D-79F6-49D3-9CB4-93B536514C21} = {9A76DF35-1027-489E-8894-825D3FBFB7F4}
		{F890FCAC-A348-454D-A3FB-5206D2C705BC} = {B3CC7786-15BD-46A1-AF58-7902088C6862}
		{01A22FAA-F853-4F6A-BED8-EE7DB3E2D90A} = {71FDFD79-1A28-4E15-8A27-019B96894910}
		{E2AE3A48-A417-4A1B-9B21-A15ED8929687} = {0E8A380B-E3A5-44E7-A884-26FC4BDDCAB4}
		{1D900D6C-D44D-433A-B86A-0736935B87D4} = {B3CC7786-15BD-46A1-AF58-7902088C6862}
		{7DA4E88E-8132-487A-A270-54BDE4A5C8B9} = {B3CC7786-15BD-46A1-AF58-7902088C6862}
		{7DDC6C76-2605-41D7-82BD-A4C101388693} = {26BFFE0C-3173-435E-A521-661B5E1E65C9}
		{7F562B80-9452-42F8-AD22-DD589BD9E868} = {26BFFE0C-3173-435E-A521-661B5E1E65C9}
		{546BB76B-9B2D-4D27-BC58-5103E4FED781} = {9A76DF35-1027-489E-8894-825D3FBFB7F4}
		{5DA61A8C-16BC-4608-B00D-6B064D351342} = {B3CC7786-15BD-46A1-AF58-7902088C6862}
	EndGlobalSection
	GlobalSection(ExtensibilityGlobals) = postSolution
		SolutionGuid = {64EA95DE-F32A-47F3-97BF-13ACE0D34C95}
	EndGlobalSection
EndGlobal
